<Solution>
  <Configurations>
    <Platform Name="x64" />
    <Platform Name="x86" />
  </Configurations>
  <Project Path="LuaJIT/LuaJIT.vcxproj" Id="9c43f796-043b-4235-93da-2cd623ac7d1f" />
  <Project Path="LuaVM/LuaVM.vcxproj" />
  <Project Path="Test5.5/Test5.5.vcxproj">
    <BuildDependency Project="LuaVM/LuaVM.vcxproj" />
  </Project>
</Solution>
